
Microsoft Visual Studio Solution File, Format Version 12.00
# Visual Studio Version 16
VisualStudioVersion = 16.0.30704.19
MinimumVisualStudioVersion = 10.0.40219.1
Project("{FAE04EC0-301F-11D3-BF4B-00C04F79EFBC}") = "WpfVK.UI", "WpfVK.UI\WpfVK.UI.csproj", "{0D2151E6-2524-4915-9FDF-AB1FF246D1B0}"
EndProject
Project("{FAE04EC0-301F-11D3-BF4B-00C04F79EFBC}") = "WpfVK.Demo", "..\WpfVK.Demo\WpfVK.Demo.csproj", "{C4F1DB4F-F7DC-4FBC-985D-662F5E0ECB9E}"
EndProject
Project("{FAE04EC0-301F-11D3-BF4B-00C04F79EFBC}") = "WpfApp1", "WpfApp1\WpfApp1.csproj", "{F8714E3D-334F-4F58-A812-D7870CAA465D}"
EndProject
Global
	GlobalSection(SolutionConfigurationPlatforms) = preSolution
		Debug|Any CPU = Debug|Any CPU
		Release|Any CPU = Release|Any CPU
	EndGlobalSection
	GlobalSection(ProjectConfigurationPlatforms) = postSolution
		{0D2151E6-2524-4915-9FDF-AB1FF246D1B0}.Debug|Any CPU.ActiveCfg = Debug|Any CPU
		{0D2151E6-2524-4915-9FDF-AB1FF246D1B0}.Debug|Any CPU.Build.0 = Debug|Any CPU
		{0D2151E6-2524-4915-9FDF-AB1FF246D1B0}.Release|Any CPU.ActiveCfg = Release|Any CPU
		{0D2151E6-2524-4915-9FDF-AB1FF246D1B0}.Release|Any CPU.Build.0 = Release|Any CPU
		{C4F1DB4F-F7DC-4FBC-985D-662F5E0ECB9E}.Debug|Any CPU.ActiveCfg = Debug|Any CPU
		{C4F1DB4F-F7DC-4FBC-985D-662F5E0ECB9E}.Debug|Any CPU.Build.0 = Debug|Any CPU
		{C4F1DB4F-F7DC-4FBC-985D-662F5E0ECB9E}.Release|Any CPU.ActiveCfg = Release|Any CPU
		{C4F1DB4F-F7DC-4FBC-985D-662F5E0ECB9E}.Release|Any CPU.Build.0 = Release|Any CPU
		{F8714E3D-334F-4F58-A812-D7870CAA465D}.Debug|Any CPU.ActiveCfg = Debug|Any CPU
		{F8714E3D-334F-4F58-A812-D7870CAA465D}.Debug|Any CPU.Build.0 = Debug|Any CPU
		{F8714E3D-334F-4F58-A812-D7870CAA465D}.Release|Any CPU.ActiveCfg = Release|Any CPU
		{F8714E3D-334F-4F58-A812-D7870CAA465D}.Release|Any CPU.Build.0 = Release|Any CPU
	EndGlobalSection
	GlobalSection(SolutionProperties) = preSolution
		HideSolutionNode = FALSE
	EndGlobalSection
	GlobalSection(ExtensibilityGlobals) = postSolution
		SolutionGuid = {67610018-4521-4D6D-B98C-3B162A02B856}
	EndGlobalSection
EndGlobal
